
Microsoft Visual Studio Solution File, Format Version 12.00
# Visual Studio Version 17
VisualStudioVersion = 17.14.36310.24
MinimumVisualStudioVersion = 10.0.40219.1
Project("{FAE04EC0-301F-11D3-BF4B-00C04F79EFBC}") = "Beaver.Application", "Beaver.Application\Beaver.Application.csproj", "{E61AA794-3D85-43AE-8974-04F3BC0A4C3E}"
EndProject
Project("{FAE04EC0-301F-11D3-BF4B-00C04F79EFBC}") = "Beaver.Domain.Shared", "Beaver.Domain.Shared\Beaver.Domain.Shared.csproj", "{182E5552-DCC4-48F5-A930-7CC3023B2258}"
EndProject
Project("{FAE04EC0-301F-11D3-BF4B-00C04F79EFBC}") = "Beaver.Web", "Beaver.Web\Beaver.Web.csproj", "{33CA6E41-CDD9-3718-2455-D7A693CF7DA5}"
EndProject
Project("{FAE04EC0-301F-11D3-BF4B-00C04F79EFBC}") = "Beaver.Application.Contracts", "Beaver.Application.Contracts\Beaver.Application.Contracts.csproj", "{F2078F80-AC21-9561-6C3F-D27CB53AA120}"
EndProject
Project("{FAE04EC0-301F-11D3-BF4B-00C04F79EFBC}") = "Beaver.DbMigrator", "Beaver.DbMigrator\Beaver.DbMigrator.csproj", "{6A83BD3C-0AB9-C6D6-D36F-54FCA7BA6483}"
EndProject
Project("{FAE04EC0-301F-11D3-BF4B-00C04F79EFBC}") = "Beaver.Domain", "Beaver.Domain\Beaver.Domain.csproj", "{9A2E850F-980F-F166-1F59-5993A09D0885}"
EndProject
Project("{FAE04EC0-301F-11D3-BF4B-00C04F79EFBC}") = "Beaver.EntityFrameworkCore", "Beaver.EntityFrameworkCore\Beaver.EntityFrameworkCore.csproj", "{BD74C851-E3CB-4EEA-A4A4-49BE2A7E471A}"
EndProject
Project("{FAE04EC0-301F-11D3-BF4B-00C04F79EFBC}") = "Beaver.Test", "Beaver.Test\Beaver.Test.csproj", "{C5CAEA98-21B8-4F82-AD2E-974A01D3CDB5}"
EndProject
Project("{FAE04EC0-301F-11D3-BF4B-00C04F79EFBC}") = "Beaver.HttpApi", "Beaver.HttpApi\Beaver.HttpApi.csproj", "{ED9DC946-B1BC-6B93-E524-D554749050D5}"
EndProject
Global
	GlobalSection(SolutionConfigurationPlatforms) = preSolution
		Debug|Any CPU = Debug|Any CPU
		Release|Any CPU = Release|Any CPU
	EndGlobalSection
	GlobalSection(ProjectConfigurationPlatforms) = postSolution
		{E61AA794-3D85-43AE-8974-04F3BC0A4C3E}.Debug|Any CPU.ActiveCfg = Debug|Any CPU
		{E61AA794-3D85-43AE-8974-04F3BC0A4C3E}.Debug|Any CPU.Build.0 = Debug|Any CPU
		{E61AA794-3D85-43AE-8974-04F3BC0A4C3E}.Release|Any CPU.ActiveCfg = Release|Any CPU
		{E61AA794-3D85-43AE-8974-04F3BC0A4C3E}.Release|Any CPU.Build.0 = Release|Any CPU
		{182E5552-DCC4-48F5-A930-7CC3023B2258}.Debug|Any CPU.ActiveCfg = Debug|Any CPU
		{182E5552-DCC4-48F5-A930-7CC3023B2258}.Debug|Any CPU.Build.0 = Debug|Any CPU
		{182E5552-DCC4-48F5-A930-7CC3023B2258}.Release|Any CPU.ActiveCfg = Release|Any CPU
		{182E5552-DCC4-48F5-A930-7CC3023B2258}.Release|Any CPU.Build.0 = Release|Any CPU
		{33CA6E41-CDD9-3718-2455-D7A693CF7DA5}.Debug|Any CPU.ActiveCfg = Debug|Any CPU
		{33CA6E41-CDD9-3718-2455-D7A693CF7DA5}.Debug|Any CPU.Build.0 = Debug|Any CPU
		{33CA6E41-CDD9-3718-2455-D7A693CF7DA5}.Release|Any CPU.ActiveCfg = Release|Any CPU
		{33CA6E41-CDD9-3718-2455-D7A693CF7DA5}.Release|Any CPU.Build.0 = Release|Any CPU
		{F2078F80-AC21-9561-6C3F-D27CB53AA120}.Debug|Any CPU.ActiveCfg = Debug|Any CPU
		{F2078F80-AC21-9561-6C3F-D27CB53AA120}.Debug|Any CPU.Build.0 = Debug|Any CPU
		{F2078F80-AC21-9561-6C3F-D27CB53AA120}.Release|Any CPU.ActiveCfg = Release|Any CPU
		{F2078F80-AC21-9561-6C3F-D27CB53AA120}.Release|Any CPU.Build.0 = Release|Any CPU
		{6A83BD3C-0AB9-C6D6-D36F-54FCA7BA6483}.Debug|Any CPU.ActiveCfg = Debug|Any CPU
		{6A83BD3C-0AB9-C6D6-D36F-54FCA7BA6483}.Debug|Any CPU.Build.0 = Debug|Any CPU
		{6A83BD3C-0AB9-C6D6-D36F-54FCA7BA6483}.Release|Any CPU.ActiveCfg = Release|Any CPU
		{6A83BD3C-0AB9-C6D6-D36F-54FCA7BA6483}.Release|Any CPU.Build.0 = Release|Any CPU
		{9A2E850F-980F-F166-1F59-5993A09D0885}.Debug|Any CPU.ActiveCfg = Debug|Any CPU
		{9A2E850F-980F-F166-1F59-5993A09D0885}.Debug|Any CPU.Build.0 = Debug|Any CPU
		{9A2E850F-980F-F166-1F59-5993A09D0885}.Release|Any CPU.ActiveCfg = Release|Any CPU
		{9A2E850F-980F-F166-1F59-5993A09D0885}.Release|Any CPU.Build.0 = Release|Any CPU
		{BD74C851-E3CB-4EEA-A4A4-49BE2A7E471A}.Debug|Any CPU.ActiveCfg = Debug|Any CPU
		{BD74C851-E3CB-4EEA-A4A4-49BE2A7E471A}.Debug|Any CPU.Build.0 = Debug|Any CPU
		{BD74C851-E3CB-4EEA-A4A4-49BE2A7E471A}.Release|Any CPU.ActiveCfg = Release|Any CPU
		{BD74C851-E3CB-4EEA-A4A4-49BE2A7E471A}.Release|Any CPU.Build.0 = Release|Any CPU
		{C5CAEA98-21B8-4F82-AD2E-974A01D3CDB5}.Debug|Any CPU.ActiveCfg = Debug|Any CPU
		{C5CAEA98-21B8-4F82-AD2E-974A01D3CDB5}.Debug|Any CPU.Build.0 = Debug|Any CPU
		{C5CAEA98-21B8-4F82-AD2E-974A01D3CDB5}.Release|Any CPU.ActiveCfg = Release|Any CPU
		{C5CAEA98-21B8-4F82-AD2E-974A01D3CDB5}.Release|Any CPU.Build.0 = Release|Any CPU
		{ED9DC946-B1BC-6B93-E524-D554749050D5}.Debug|Any CPU.ActiveCfg = Debug|Any CPU
		{ED9DC946-B1BC-6B93-E524-D554749050D5}.Debug|Any CPU.Build.0 = Debug|Any CPU
		{ED9DC946-B1BC-6B93-E524-D554749050D5}.Release|Any CPU.ActiveCfg = Release|Any CPU
		{ED9DC946-B1BC-6B93-E524-D554749050D5}.Release|Any CPU.Build.0 = Release|Any CPU
	EndGlobalSection
	GlobalSection(SolutionProperties) = preSolution
		HideSolutionNode = FALSE
	EndGlobalSection
	GlobalSection(ExtensibilityGlobals) = postSolution
		SolutionGuid = {7DCDA5BD-C579-41C0-B2D6-01D388C08FD2}
	EndGlobalSection
EndGlobal
